
Microsoft Visual Studio Solution File, Format Version 12.00
# Visual Studio 15
VisualStudioVersion = 15.0.28010.2048
MinimumVisualStudioVersion = 10.0.40219.1
Project("{D2ABAB84-BF74-430A-B69E-9DC6D40DDA17}") = "greenTECAnalysisIII", "greenTECAnalysisIII\greenTECAnalysisIII.dwproj", "{6F68F56C-3CF4-418E-92DA-B14524BFB810}"
EndProject
Global
	GlobalSection(SolutionConfigurationPlatforms) = preSolution
		Development|Default = Development|Default
	EndGlobalSection
	GlobalSection(ProjectConfigurationPlatforms) = postSolution
		{6F68F56C-3CF4-418E-92DA-B14524BFB810}.Development|Default.ActiveCfg = Development
		{6F68F56C-3CF4-418E-92DA-B14524BFB810}.Development|Default.Build.0 = Development
		{6F68F56C-3CF4-418E-92DA-B14524BFB810}.Development|Default.Deploy.0 = Development
	EndGlobalSection
	GlobalSection(SolutionProperties) = preSolution
		HideSolutionNode = FALSE
	EndGlobalSection
	GlobalSection(ExtensibilityGlobals) = postSolution
		SolutionGuid = {4EC54440-76A5-4D85-8DBE-82E5596D6851}
	EndGlobalSection
EndGlobal
